
Microsoft Visual Studio Solution File, Format Version 12.00
# Visual Studio Version 17
VisualStudioVersion = 17.8.34511.84
MinimumVisualStudioVersion = 10.0.40219.1
Project("{FAE04EC0-301F-11D3-BF4B-00C04F79EFBC}") = "RepositoryCRUD", "RepositoryCRUD\RepositoryCRUD.csproj", "{E6C26B23-8ADE-4706-8013-E8DFC6A045BE}"
EndProject
Global
	GlobalSection(SolutionConfigurationPlatforms) = preSolution
		Debug|Any CPU = Debug|Any CPU
		Release|Any CPU = Release|Any CPU
	EndGlobalSection
	GlobalSection(ProjectConfigurationPlatforms) = postSolution
		{E6C26B23-8ADE-4706-8013-E8DFC6A045BE}.Debug|Any CPU.ActiveCfg = Debug|Any CPU
		{E6C26B23-8ADE-4706-8013-E8DFC6A045BE}.Debug|Any CPU.Build.0 = Debug|Any CPU
		{E6C26B23-8ADE-4706-8013-E8DFC6A045BE}.Release|Any CPU.ActiveCfg = Release|Any CPU
		{E6C26B23-8ADE-4706-8013-E8DFC6A045BE}.Release|Any CPU.Build.0 = Release|Any CPU
	EndGlobalSection
	GlobalSection(SolutionProperties) = preSolution
		HideSolutionNode = FALSE
	EndGlobalSection
	GlobalSection(ExtensibilityGlobals) = postSolution
		SolutionGuid = {F891446C-AAC6-48DE-9C5F-356E485C0683}
	EndGlobalSection
EndGlobal
